
Microsoft Visual Studio Solution File, Format Version 12.00
# Visual Studio Version 17
VisualStudioVersion = 17.14.36221.1
MinimumVisualStudioVersion = 10.0.40219.1
Project("{FAE04EC0-301F-11D3-BF4B-00C04F79EFBC}") = "Q3.API", "Q3.API\Q3.API.csproj", "{4A23D821-DD26-4FFD-B754-E3DFC0ABD8CC}"
EndProject
Project("{FAE04EC0-301F-11D3-BF4B-00C04F79EFBC}") = "Q3.Business", "Q3.Bussiness\Q3.Business.csproj", "{70253475-310C-4118-97B5-D40B5A84F636}"
EndProject
Project("{FAE04EC0-301F-11D3-BF4B-00C04F79EFBC}") = "Q3.Data", "Q3.Data\Q3.Data.csproj", "{7FECDFDD-29B1-4082-A09E-C01160C866BC}"
EndProject
Project("{FAE04EC0-301F-11D3-BF4B-00C04F79EFBC}") = "Q3.Integration", "Q3.Integration\Q3.Integration.csproj", "{09113CED-2486-4BA1-ADC0-DC4ED543018F}"
EndProject
Project("{FAE04EC0-301F-11D3-BF4B-00C04F79EFBC}") = "Q3.Shared", "Q3.Shared\Q3.Shared.csproj", "{9C26C9AB-E27D-4410-9999-9CA8A141E4F0}"
EndProject
Project("{FAE04EC0-301F-11D3-BF4B-00C04F79EFBC}") = "Q3.AutoMapper", "Q3.AutoMapper\Q3.AutoMapper.csproj", "{441D9107-B10F-4E83-AF10-CA94764AB730}"
EndProject
Project("{2150E333-8FDC-42A3-9474-1A3956D46DE8}") = "Solution Items", "Solution Items", "{8EC462FD-D22E-90A8-E5CE-7E832BA40C5D}"
	ProjectSection(SolutionItems) = preProject
		README.md = README.md
	EndProjectSection
EndProject
Global
	GlobalSection(SolutionConfigurationPlatforms) = preSolution
		Debug|Any CPU = Debug|Any CPU
		Release|Any CPU = Release|Any CPU
	EndGlobalSection
	GlobalSection(ProjectConfigurationPlatforms) = postSolution
		{4A23D821-DD26-4FFD-B754-E3DFC0ABD8CC}.Debug|Any CPU.ActiveCfg = Debug|Any CPU
		{4A23D821-DD26-4FFD-B754-E3DFC0ABD8CC}.Debug|Any CPU.Build.0 = Debug|Any CPU
		{4A23D821-DD26-4FFD-B754-E3DFC0ABD8CC}.Release|Any CPU.ActiveCfg = Release|Any CPU
		{4A23D821-DD26-4FFD-B754-E3DFC0ABD8CC}.Release|Any CPU.Build.0 = Release|Any CPU
		{70253475-310C-4118-97B5-D40B5A84F636}.Debug|Any CPU.ActiveCfg = Debug|Any CPU
		{70253475-310C-4118-97B5-D40B5A84F636}.Debug|Any CPU.Build.0 = Debug|Any CPU
		{70253475-310C-4118-97B5-D40B5A84F636}.Release|Any CPU.ActiveCfg = Release|Any CPU
		{70253475-310C-4118-97B5-D40B5A84F636}.Release|Any CPU.Build.0 = Release|Any CPU
		{7FECDFDD-29B1-4082-A09E-C01160C866BC}.Debug|Any CPU.ActiveCfg = Debug|Any CPU
		{7FECDFDD-29B1-4082-A09E-C01160C866BC}.Debug|Any CPU.Build.0 = Debug|Any CPU
		{7FECDFDD-29B1-4082-A09E-C01160C866BC}.Release|Any CPU.ActiveCfg = Release|Any CPU
		{7FECDFDD-29B1-4082-A09E-C01160C866BC}.Release|Any CPU.Build.0 = Release|Any CPU
		{09113CED-2486-4BA1-ADC0-DC4ED543018F}.Debug|Any CPU.ActiveCfg = Debug|Any CPU
		{09113CED-2486-4BA1-ADC0-DC4ED543018F}.Debug|Any CPU.Build.0 = Debug|Any CPU
		{09113CED-2486-4BA1-ADC0-DC4ED543018F}.Release|Any CPU.ActiveCfg = Release|Any CPU
		{09113CED-2486-4BA1-ADC0-DC4ED543018F}.Release|Any CPU.Build.0 = Release|Any CPU
		{9C26C9AB-E27D-4410-9999-9CA8A141E4F0}.Debug|Any CPU.ActiveCfg = Debug|Any CPU
		{9C26C9AB-E27D-4410-9999-9CA8A141E4F0}.Debug|Any CPU.Build.0 = Debug|Any CPU
		{9C26C9AB-E27D-4410-9999-9CA8A141E4F0}.Release|Any CPU.ActiveCfg = Release|Any CPU
		{9C26C9AB-E27D-4410-9999-9CA8A141E4F0}.Release|Any CPU.Build.0 = Release|Any CPU
		{441D9107-B10F-4E83-AF10-CA94764AB730}.Debug|Any CPU.ActiveCfg = Debug|Any CPU
		{441D9107-B10F-4E83-AF10-CA94764AB730}.Debug|Any CPU.Build.0 = Debug|Any CPU
		{441D9107-B10F-4E83-AF10-CA94764AB730}.Release|Any CPU.ActiveCfg = Release|Any CPU
		{441D9107-B10F-4E83-AF10-CA94764AB730}.Release|Any CPU.Build.0 = Release|Any CPU
	EndGlobalSection
	GlobalSection(SolutionProperties) = preSolution
		HideSolutionNode = FALSE
	EndGlobalSection
	GlobalSection(ExtensibilityGlobals) = postSolution
		SolutionGuid = {AFA79DCC-9C8C-47ED-90B7-34C1749B300A}
	EndGlobalSection
EndGlobal
